// !$*UTF8*$!
{
	archiveVersion = 1;
	classes = {
	};
	objectVersion = 46;
	objects = {

/* Begin PBXBuildFile section */
		497319D71B72ECD2002A1EBC /* main.m in Sources */ = {isa = PBXBuildFile; fileRef = 497319D61B72ECD2002A1EBC /* main.m */; };
		497319DA1B72ECD2002A1EBC /* AppDelegate.m in Sources */ = {isa = PBXBuildFile; fileRef = 497319D91B72ECD2002A1EBC /* AppDelegate.m */; };
		497319DD1B72ECD2002A1EBC /* ViewController.m in Sources */ = {isa = PBXBuildFile; fileRef = 497319DC1B72ECD2002A1EBC /* ViewController.m */; };
		497319E01B72ECD2002A1EBC /* Main.storyboard in Resources */ = {isa = PBXBuildFile; fileRef = 497319DE1B72ECD2002A1EBC /* Main.storyboard */; };
		497319E21B72ECD2002A1EBC /* Images.xcassets in Resources */ = {isa = PBXBuildFile; fileRef = 497319E11B72ECD2002A1EBC /* Images.xcassets */; };
		497319E51B72ECD2002A1EBC /* LaunchScreen.xib in Resources */ = {isa = PBXBuildFile; fileRef = 497319E31B72ECD2002A1EBC /* LaunchScreen.xib */; };
		497319F11B72ECD2002A1EBC /* menuTests.m in Sources */ = {isa = PBXBuildFile; fileRef = 497319F01B72ECD2002A1EBC /* menuTests.m */; };
/* End PBXBuildFile section */

/* Begin PBXContainerItemProxy section */
		497319EB1B72ECD2002A1EBC /* PBXContainerItemProxy */ = {
			isa = PBXContainerItemProxy;
			containerPortal = 497319C91B72ECD2002A1EBC /* Project object */;
			proxyType = 1;
			remoteGlobalIDString = 497319D01B72ECD2002A1EBC;
			remoteInfo = menu;
		};
/* End PBXContainerItemProxy section */

/* Begin PBXFileReference section */
		497319D11B72ECD2002A1EBC /* menu.app */ = {isa = PBXFileReference; explicitFileType = wrapper.application; includeInIndex = 0; path = menu.app; sourceTree = BUILT_PRODUCTS_DIR; };
		497319D51B72ECD2002A1EBC /* Info.plist */ = {isa = PBXFileReference; lastKnownFileType = text.plist.xml; path = Info.plist; sourceTree = "<group>"; };
		497319D61B72ECD2002A1EBC /* main.m */ = {isa = PBXFileReference; lastKnownFileType = sourcecode.c.objc; path = main.m; sourceTree = "<group>"; };
		497319D81B72ECD2002A1EBC /* AppDelegate.h */ = {isa = PBXFileReference; lastKnownFileType = sourcecode.c.h; path = AppDelegate.h; sourceTree = "<group>"; };
		497319D91B72ECD2002A1EBC /* AppDelegate.m */ = {isa = PBXFileReference; lastKnownFileType = sourcecode.c.objc; path = AppDelegate.m; sourceTree = "<group>"; };
		497319DB1B72ECD2002A1EBC /* ViewController.h */ = {isa = PBXFileReference; lastKnownFileType = sourcecode.c.h; path = ViewController.h; sourceTree = "<group>"; };
		497319DC1B72ECD2002A1EBC /* ViewController.m */ = {isa = PBXFileReference; lastKnownFileType = sourcecode.c.objc; path = ViewController.m; sourceTree = "<group>"; };
		497319DF1B72ECD2002A1EBC /* Base */ = {isa = PBXFileReference; lastKnownFileType = file.storyboard; name = Base; path = Base.lproj/Main.storyboard; sourceTree = "<group>"; };
		497319E11B72ECD2002A1EBC /* Images.xcassets */ = {isa = PBXFileReference; lastKnownFileType = folder.assetcatalog; path = Images.xcassets; sourceTree = "<group>"; };
		497319E41B72ECD2002A1EBC /* Base */ = {isa = PBXFileReference; lastKnownFileType = file.xib; name = Base; path = Base.lproj/LaunchScreen.xib; sourceTree = "<group>"; };
		497319EA1B72ECD2002A1EBC /* menuTests.xctest */ = {isa = PBXFileReference; explicitFileType = wrapper.cfbundle; includeInIndex = 0; path = menuTests.xctest; sourceTree = BUILT_PRODUCTS_DIR; };
		497319EF1B72ECD2002A1EBC /* Info.plist */ = {isa = PBXFileReference; lastKnownFileType = text.plist.xml; path = Info.plist; sourceTree = "<group>"; };
		497319F01B72ECD2002A1EBC /* menuTests.m */ = {isa = PBXFileReference; lastKnownFileType = sourcecode.c.objc; path = menuTests.m; sourceTree = "<group>"; };
/* End PBXFileReference section */

/* Begin PBXFrameworksBuildPhase section */
		497319CE1B72ECD2002A1EBC /* Frameworks */ = {
			isa = PBXFrameworksBuildPhase;
			buildActionMask = 2147483647;
			files = (
			);
			runOnlyForDeploymentPostprocessing = 0;
		};
		497319E71B72ECD2002A1EBC /* Frameworks */ = {
			isa = PBXFrameworksBuildPhase;
			buildActionMask = 2147483647;
			files = (
			);
			runOnlyForDeploymentPostprocessing = 0;
		};
/* End PBXFrameworksBuildPhase section */

/* Begin PBXGroup section */
		497319C81B72ECD2002A1EBC = {
			isa = PBXGroup;
			children = (
				497319D31B72ECD2002A1EBC /* menu */,
				497319ED1B72ECD2002A1EBC /* menuTests */,
				497319D21B72ECD2002A1EBC /* Products */,
			);
			sourceTree = "<group>";
		};
		497319D21B72ECD2002A1EBC /* Products */ = {
			isa = PBXGroup;
			children = (
				497319D11B72ECD2002A1EBC /* menu.app */,
				497319EA1B72ECD2002A1EBC /* menuTests.xctest */,
			);
			name = Products;
			sourceTree = "<group>";
		};
		497319D31B72ECD2002A1EBC /* menu */ = {
			isa = PBXGroup;
			children = (
				497319D81B72ECD2002A1EBC /* AppDelegate.h */,
				497319D91B72ECD2002A1EBC /* AppDelegate.m */,
				497319DB1B72ECD2002A1EBC /* ViewController.h */,
				497319DC1B72ECD2002A1EBC /* ViewController.m */,
				497319DE1B72ECD2002A1EBC /* Main.storyboard */,
				497319E11B72ECD2002A1EBC /* Images.xcassets */,
				497319E31B72ECD2002A1EBC /* LaunchScreen.xib */,
				497319D41B72ECD2002A1EBC /* Supporting Files */,
			);
			path = menu;
			sourceTree = "<group>";
		};
		497319D41B72ECD2002A1EBC /* Supporting Files */ = {
			isa = PBXGroup;
			children = (
				497319D51B72ECD2002A1EBC /* Info.plist */,
				497319D61B72ECD2002A1EBC /* main.m */,
			);
			name = "Supporting Files";
			sourceTree = "<group>";
		};
		497319ED1B72ECD2002A1EBC /* menuTests */ = {
			isa = PBXGroup;
			children = (
				497319F01B72ECD2002A1EBC /* menuTests.m */,
				497319EE1B72ECD2002A1EBC /* Supporting Files */,
			);
			path = menuTests;
			sourceTree = "<group>";
		};
		497319EE1B72ECD2002A1EBC /* Supporting Files */ = {
			isa = PBXGroup;
			children = (
				497319EF1B72ECD2002A1EBC /* Info.plist */,
			);
			name = "Supporting Files";
			sourceTree = "<group>";
		};
/* End PBXGroup section */

/* Begin PBXNativeTarget section */
		497319D01B72ECD2002A1EBC /* menu */ = {
			isa = PBXNativeTarget;
			buildConfigurationList = 497319F41B72ECD2002A1EBC /* Build configuration list for PBXNativeTarget "menu" */;
			buildPhases = (
				497319CD1B72ECD2002A1EBC /* Sources */,
				497319CE1B72ECD2002A1EBC /* Frameworks */,
				497319CF1B72ECD2002A1EBC /* Resources */,
			);
			buildRules = (
			);
			dependencies = (
			);
			name = menu;
			productName = menu;
			productReference = 497319D11B72ECD2002A1EBC /* menu.app */;
			productType = "com.apple.product-type.application";
		};
		497319E91B72ECD2002A1EBC /* menuTests */ = {
			isa = PBXNativeTarget;
			buildConfigurationList = 497319F71B72ECD2002A1EBC /* Build configuration list for PBXNativeTarget "menuTests" */;
			buildPhases = (
				497319E61B72ECD2002A1EBC /* Sources */,
				497319E71B72ECD2002A1EBC /* Frameworks */,
				497319E81B72ECD2002A1EBC /* Resources */,
			);
			buildRules = (
			);
			dependencies = (
				497319EC1B72ECD2002A1EBC /* PBXTargetDependency */,
			);
			name = menuTests;
			productName = menuTests;
			productReference = 497319EA1B72ECD2002A1EBC /* menuTests.xctest */;
			productType = "com.apple.product-type.bundle.unit-test";
		};
/* End PBXNativeTarget section */

/* Begin PBXProject section */
		497319C91B72ECD2002A1EBC /* Project object */ = {
			isa = PBXProject;
			attributes = {
				LastUpgradeCheck = 0640;
				ORGANIZATIONNAME = water;
				TargetAttributes = {
					497319D01B72ECD2002A1EBC = {
						CreatedOnToolsVersion = 6.4;
					};
					497319E91B72ECD2002A1EBC = {
						CreatedOnToolsVersion = 6.4;
						TestTargetID = 497319D01B72ECD2002A1EBC;
					};
				};
			};
			buildConfigurationList = 497319CC1B72ECD2002A1EBC /* Build configuration list for PBXProject "menu" */;
			compatibilityVersion = "Xcode 3.2";
			developmentRegion = English;
			hasScannedForEncodings = 0;
			knownRegions = (
				en,
				Base,
			);
			mainGroup = 497319C81B72ECD2002A1EBC;
			productRefGroup = 497319D21B72ECD2002A1EBC /* Products */;
			projectDirPath = "";
			projectRoot = "";
			targets = (
				497319D01B72ECD2002A1EBC /* menu */,
				497319E91B72ECD2002A1EBC /* menuTests */,
			);
		};
/* End PBXProject section */

/* Begin PBXResourcesBuildPhase section */
		497319CF1B72ECD2002A1EBC /* Resources */ = {
			isa = PBXResourcesBuildPhase;
			buildActionMask = 2147483647;
			files = (
				497319E01B72ECD2002A1EBC /* Main.storyboard in Resources */,
				497319E51B72ECD2002A1EBC /* LaunchScreen.xib in Resources */,
				497319E21B72ECD2002A1EBC /* Images.xcassets in Resources */,
			);
			runOnlyForDeploymentPostprocessing = 0;
		};
		497319E81B72ECD2002A1EBC /* Resources */ = {
			isa = PBXResourcesBuildPhase;
			buildActionMask = 2147483647;
			files = (
			);
			runOnlyForDeploymentPostprocessing = 0;
		};
/* End PBXResourcesBuildPhase section */

/* Begin PBXSourcesBuildPhase section */
		497319CD1B72ECD2002A1EBC /* Sources */ = {
			isa = PBXSourcesBuildPhase;
			buildActionMask = 2147483647;
			files = (
				497319DD1B72ECD2002A1EBC /* ViewController.m in Sources */,
				497319DA1B72ECD2002A1EBC /* AppDelegate.m in Sources */,
				497319D71B72ECD2002A1EBC /* main.m in Sources */,
			);
			runOnlyForDeploymentPostprocessing = 0;
		};
		497319E61B72ECD2002A1EBC /* Sources */ = {
			isa = PBXSourcesBuildPhase;
			buildActionMask = 2147483647;
			files = (
				497319F11B72ECD2002A1EBC /* menuTests.m in Sources */,
			);
			runOnlyForDeploymentPostprocessing = 0;
		};
/* End PBXSourcesBuildPhase section */

/* Begin PBXTargetDependency section */
		497319EC1B72ECD2002A1EBC /* PBXTargetDependency */ = {
			isa = PBXTargetDependency;
			target = 497319D01B72ECD2002A1EBC /* menu */;
			targetProxy = 497319EB1B72ECD2002A1EBC /* PBXContainerItemProxy */;
		};
/* End PBXTargetDependency section */

/* Begin PBXVariantGroup section */
		497319DE1B72ECD2002A1EBC /* Main.storyboard */ = {
			isa = PBXVariantGroup;
			children = (
				497319DF1B72ECD2002A1EBC /* Base */,
			);
			name = Main.storyboard;
			sourceTree = "<group>";
		};
		497319E31B72ECD2002A1EBC /* LaunchScreen.xib */ = {
			isa = PBXVariantGroup;
			children = (
				497319E41B72ECD2002A1EBC /* Base */,
			);
			name = LaunchScreen.xib;
			sourceTree = "<group>";
		};
/* End PBXVariantGroup section */

/* Begin XCBuildConfiguration section */
		497319F21B72ECD2002A1EBC /* Debug */ = {
			isa = XCBuildConfiguration;
			buildSettings = {
				ALWAYS_SEARCH_USER_PATHS = NO;
				CLANG_CXX_LANGUAGE_STANDARD = "gnu++0x";
				CLANG_CXX_LIBRARY = "libc++";
				CLANG_ENABLE_MODULES = YES;
				CLANG_ENABLE_OBJC_ARC = YES;
				CLANG_WARN_BOOL_CONVERSION = YES;
				CLANG_WARN_CONSTANT_CONVERSION = YES;
				CLANG_WARN_DIRECT_OBJC_ISA_USAGE = YES_ERROR;
				CLANG_WARN_EMPTY_BODY = YES;
				CLANG_WARN_ENUM_CONVERSION = YES;
				CLANG_WARN_INT_CONVERSION = YES;
				CLANG_WARN_OBJC_ROOT_CLASS = YES_ERROR;
				CLANG_WARN_UNREACHABLE_CODE = YES;
				CLANG_WARN__DUPLICATE_METHOD_MATCH = YES;
				"CODE_SIGN_IDENTITY[sdk=iphoneos*]" = "iPhone Developer";
				COPY_PHASE_STRIP = NO;
				DEBUG_INFORMATION_FORMAT = "dwarf-with-dsym";
				ENABLE_STRICT_OBJC_MSGSEND = YES;
				GCC_C_LANGUAGE_STANDARD = gnu99;
				GCC_DYNAMIC_NO_PIC = NO;
				GCC_NO_COMMON_BLOCKS = YES;
				GCC_OPTIMIZATION_LEVEL = 0;
				GCC_PREPROCESSOR_DEFINITIONS = (
					"DEBUG=1",
					"$(inherited)",
				);
				GCC_SYMBOLS_PRIVATE_EXTERN = NO;
				GCC_WARN_64_TO_32_BIT_CONVERSION = YES;
				GCC_WARN_ABOUT_RETURN_TYPE = YES_ERROR;
				GCC_WARN_UNDECLARED_SELECTOR = YES;
				GCC_WARN_UNINITIALIZED_AUTOS = YES_AGGRESSIVE;
				GCC_WARN_UNUSED_FUNCTION = YES;
				GCC_WARN_UNUSED_VARIABLE = YES;
				IPHONEOS_DEPLOYMENT_TARGET = 8.4;
				MTL_ENABLE_DEBUG_INFO = YES;
				ONLY_ACTIVE_ARCH = YES;
				SDKROOT = iphoneos;
				TARGETED_DEVICE_FAMILY = "1,2";
			};
			name = Debug;
		};
		497319F31B72ECD2002A1EBC /* Release */ = {
			isa = XCBuildConfiguration;
			buildSettings = {
				ALWAYS_SEARCH_USER_PATHS = NO;
				CLANG_CXX_LANGUAGE_STANDARD = "gnu++0x";
				CLANG_CXX_LIBRARY = "libc++";
				CLANG_ENABLE_MODULES = YES;
				CLANG_ENABLE_OBJC_ARC = YES;
				CLANG_WARN_BOOL_CONVERSION = YES;
				CLANG_WARN_CONSTANT_CONVERSION = YES;
				CLANG_WARN_DIRECT_OBJC_ISA_USAGE = YES_ERROR;
				CLANG_WARN_EMPTY_BODY = YES;
				CLANG_WARN_ENUM_CONVERSION = YES;
				CLANG_WARN_INT_CONVERSION = YES;
				CLANG_WARN_OBJC_ROOT_CLASS = YES_ERROR;
				CLANG_WARN_UNREACHABLE_CODE = YES;
				CLANG_WARN__DUPLICATE_METHOD_MATCH = YES;
				"CODE_SIGN_IDENTITY[sdk=iphoneos*]" = "iPhone Developer";
				COPY_PHASE_STRIP = NO;
				DEBUG_INFORMATION_FORMAT = "dwarf-with-dsym";
				ENABLE_NS_ASSERTIONS = NO;
				ENABLE_STRICT_OBJC_MSGSEND = YES;
				GCC_C_LANGUAGE_STANDARD = gnu99;
				GCC_NO_COMMON_BLOCKS = YES;
				GCC_WARN_64_TO_32_BIT_CONVERSION = YES;
				GCC_WARN_ABOUT_RETURN_TYPE = YES_ERROR;
				GCC_WARN_UNDECLARED_SELECTOR = YES;
				GCC_WARN_UNINITIALIZED_AUTOS = YES_AGGRESSIVE;
				GCC_WARN_UNUSED_FUNCTION = YES;
				GCC_WARN_UNUSED_VARIABLE = YES;
				IPHONEOS_DEPLOYMENT_TARGET = 8.4;
				MTL_ENABLE_DEBUG_INFO = NO;
				SDKROOT = iphoneos;
				TARGETED_DEVICE_FAMILY = "1,2";
				VALIDATE_PRODUCT = YES;
			};
			name = Release;
		};
		497319F51B72ECD2002A1EBC /* Debug */ = {
			isa = XCBuildConfiguration;
			buildSettings = {
				ASSETCATALOG_COMPILER_APPICON_NAME = AppIcon;
				INFOPLIST_FILE = menu/Info.plist;
				LD_RUNPATH_SEARCH_PATHS = "$(inherited) @executable_path/Frameworks";
				PRODUCT_NAME = "$(TARGET_NAME)";
			};
			name = Debug;
		};
		497319F61B72ECD2002A1EBC /* Release */ = {
			isa = XCBuildConfiguration;
			buildSettings = {
				ASSETCATALOG_COMPILER_APPICON_NAME = AppIcon;
				INFOPLIST_FILE = menu/Info.plist;
				LD_RUNPATH_SEARCH_PATHS = "$(inherited) @executable_path/Frameworks";
				PRODUCT_NAME = "$(TARGET_NAME)";
			};
			name = Release;
		};
		497319F81B72ECD2002A1EBC /* Debug */ = {
			isa = XCBuildConfiguration;
			buildSettings = {
				BUNDLE_LOADER = "$(TEST_HOST)";
				FRAMEWORK_SEARCH_PATHS = (
					"$(SDKROOT)/Developer/Library/Frameworks",
					"$(inherited)",
				);
				GCC_PREPROCESSOR_DEFINITIONS = (
					"DEBUG=1",
					"$(inherited)",
				);
				INFOPLIST_FILE = menuTests/Info.plist;
				LD_RUNPATH_SEARCH_PATHS = "$(inherited) @executable_path/Frameworks @loader_path/Frameworks";
				PRODUCT_NAME = "$(TARGET_NAME)";
				TEST_HOST = "$(BUILT_PRODUCTS_DIR)/menu.app/menu";
			};
			name = Debug;
		};
		497319F91B72ECD2002A1EBC /* Release */ = {
			isa = XCBuildConfiguration;
			buildSettings = {
				BUNDLE_LOADER = "$(TEST_HOST)";
				FRAMEWORK_SEARCH_PATHS = (
					"$(SDKROOT)/Developer/Library/Frameworks",
					"$(inherited)",
				);
				INFOPLIST_FILE = menuTests/Info.plist;
				LD_RUNPATH_SEARCH_PATHS = "$(inherited) @executable_path/Frameworks @loader_path/Frameworks";
				PRODUCT_NAME = "$(TARGET_NAME)";
				TEST_HOST = "$(BUILT_PRODUCTS_DIR)/menu.app/menu";
			};
			name = Release;
		};
/* End XCBuildConfiguration section */

/* Begin XCConfigurationList section */
		497319CC1B72ECD2002A1EBC /* Build configuration list for PBXProject "menu" */ = {
			isa = XCConfigurationList;
			buildConfigurations = (
				497319F21B72ECD2002A1EBC /* Debug */,
				497319F31B72ECD2002A1EBC /* Release */,
			);
			defaultConfigurationIsVisible = 0;
			defaultConfigurationName = Release;
		};
		497319F41B72ECD2002A1EBC /* Build configuration list for PBXNativeTarget "menu" */ = {
			isa = XCConfigurationList;
			buildConfigurations = (
				497319F51B72ECD2002A1EBC /* Debug */,
				497319F61B72ECD2002A1EBC /* Release */,
			);
			defaultConfigurationIsVisible = 0;
		};
		497319F71B72ECD2002A1EBC /* Build configuration list for PBXNativeTarget "menuTests" */ = {
			isa = XCConfigurationList;
			buildConfigurations = (
				497319F81B72ECD2002A1EBC /* Debug */,
				497319F91B72ECD2002A1EBC /* Release */,
			);
			defaultConfigurationIsVisible = 0;
		};
/* End XCConfigurationList section */
	};
	rootObject = 497319C91B72ECD2002A1EBC /* Project object */;
}
